{
  "name": "@ocj/web",
  "version": "0.1.0",
  "lockfileVersion": 3,
  "requires": true,
  "packages": {
    "": {
      "name": "@ocj/web",
      "version": "0.1.0",
      "dependencies": {
        "@monaco-editor/react": "^4.7.0",
        "clsx": "^2.1.1",
        "firebase": "^11.10.0",
        "idb": "^8.0.2",
        "react": "^19.1.0",
        "react-dom": "^19.1.0",
        "react-resizable-panels": "^4.12.2",
        "react-router-dom": "^7.7.0"
      },
      "devDependencies": {
        "@types/react": "^19.1.8",
        "@types/react-dom": "^19.1.6",
        "@vitejs/plugin-react": "^4.5.2",
        "typescript": "^5.8.3",
        "vite": "^6.3.5"
      }
    },
    "../../node_modules/.pnpm/@monaco-editor+react@4.7.0__eef15c23d571be66695f0a2b4bfab344/node_modules/@monaco-editor/react": {
      "version": "4.7.0",
      "license": "MIT",
      "dependencies": {
        "@monaco-editor/loader": "^1.5.0"
      },
      "devDependencies": {
        "@testing-library/jest-dom": "^5.16.5",
        "@testing-library/react": "^14.0.0",
        "@typescript-eslint/eslint-plugin": "^5.54.0",
        "@typescript-eslint/parser": "^5.54.0",
        "eslint": "^8.35.0",
        "eslint-plugin-import": "^2.27.5",
        "eslint-plugin-jsx-a11y": "6.7.1",
        "eslint-plugin-react": "7.32.2",
        "eslint-plugin-react-hooks": "4.6.0",
        "husky": "^4.2.3",
        "prettier": "^2.8.7",
        "react": "^18.2.0",
        "react-dom": "^18.2.0",
        "tsup": "^6.7.0",
        "typescript": "^4.9.5",
        "vitest": "^0.29.2"
      },
      "peerDependencies": {
        "monaco-editor": ">= 0.25.0 < 1",
        "react": "^16.8.0 || ^17.0.0 || ^18.0.0 || ^19.0.0",
        "react-dom": "^16.8.0 || ^17.0.0 || ^18.0.0 || ^19.0.0"
      }
    },
    "../../node_modules/.pnpm/@types+react-dom@19.2.4_@types+react@19.2.18/node_modules/@types/react-dom": {
      "version": "19.2.4",
      "dev": true,
      "license": "MIT",
      "peerDependencies": {
        "@types/react": "^19.2.0"
      }
    },
    "../../node_modules/.pnpm/@types+react@19.2.18/node_modules/@types/react": {
      "version": "19.2.18",
      "dev": true,
      "license": "MIT",
      "dependencies": {
        "csstype": "^3.2.2"
      }
    },
    "../../node_modules/.pnpm/@vitejs+plugin-react@4.7.0_vite@6.4.3_@types+node@26.2.0_/node_modules/@vitejs/plugin-react": {
      "version": "4.7.0",
      "dev": true,
      "license": "MIT",
      "dependencies": {
        "@babel/core": "^7.28.0",
        "@babel/plugin-transform-react-jsx-self": "^7.27.1",
        "@babel/plugin-transform-react-jsx-source": "^7.27.1",
        "@rolldown/pluginutils": "1.0.0-beta.27",
        "@types/babel__core": "^7.20.5",
        "react-refresh": "^0.17.0"
      },
      "devDependencies": {
        "@vitejs/react-common": "workspace:*",
        "babel-plugin-react-compiler": "19.1.0-rc.2",
        "react": "^19.1.0",
        "react-dom": "^19.1.0",
        "rolldown": "1.0.0-beta.27",
        "tsdown": "^0.12.9",
        "vitest": "^3.2.4"
      },
      "engines": {
        "node": "^14.18.0 || >=16.0.0"
      },
      "peerDependencies": {
        "vite": "^4.2.0 || ^5.0.0 || ^6.0.0 || ^7.0.0"
      }
    },
    "../../node_modules/.pnpm/clsx@2.1.1/node_modules/clsx": {
      "version": "2.1.1",
      "license": "MIT",
      "devDependencies": {
        "esm": "3.2.25",
        "terser": "4.8.0",
        "uvu": "0.5.4"
      },
      "engines": {
        "node": ">=6"
      }
    },
    "../../node_modules/.pnpm/firebase@11.10.0/node_modules/firebase": {
      "version": "11.10.0",
      "license": "Apache-2.0",
      "dependencies": {
        "@firebase/ai": "1.4.1",
        "@firebase/analytics": "0.10.17",
        "@firebase/analytics-compat": "0.2.23",
        "@firebase/app": "0.13.2",
        "@firebase/app-check": "0.10.1",
        "@firebase/app-check-compat": "0.3.26",
        "@firebase/app-compat": "0.4.2",
        "@firebase/app-types": "0.9.3",
        "@firebase/auth": "1.10.8",
        "@firebase/auth-compat": "0.5.28",
        "@firebase/data-connect": "0.3.10",
        "@firebase/database": "1.0.20",
        "@firebase/database-compat": "2.0.11",
        "@firebase/firestore": "4.8.0",
        "@firebase/firestore-compat": "0.3.53",
        "@firebase/functions": "0.12.9",
        "@firebase/functions-compat": "0.3.26",
        "@firebase/installations": "0.6.18",
        "@firebase/installations-compat": "0.2.18",
        "@firebase/messaging": "0.12.22",
        "@firebase/messaging-compat": "0.2.22",
        "@firebase/performance": "0.7.7",
        "@firebase/performance-compat": "0.2.20",
        "@firebase/remote-config": "0.6.5",
        "@firebase/remote-config-compat": "0.2.18",
        "@firebase/storage": "0.13.14",
        "@firebase/storage-compat": "0.3.24",
        "@firebase/util": "1.12.1"
      },
      "devDependencies": {
        "@rollup/plugin-commonjs": "21.1.0",
        "@rollup/plugin-node-resolve": "16.0.0",
        "@rollup/plugin-terser": "0.4.4",
        "gulp": "4.0.2",
        "gulp-replace": "1.1.4",
        "gulp-sourcemaps": "3.0.0",
        "rollup": "2.79.2",
        "rollup-plugin-license": "3.5.3",
        "rollup-plugin-sourcemaps": "0.6.3",
        "rollup-plugin-typescript2": "0.36.0",
        "rollup-plugin-uglify": "6.0.4",
        "typescript": "5.5.4"
      }
    },
    "../../node_modules/.pnpm/idb@8.0.3/node_modules/idb": {
      "version": "8.0.3",
      "license": "ISC",
      "devDependencies": {
        "@rollup/plugin-commonjs": "^28.0.3",
        "@rollup/plugin-node-resolve": "^16.0.1",
        "@rollup/plugin-terser": "^0.4.4",
        "@rollup/plugin-typescript": "^12.1.2",
        "@types/chai": "^5.2.2",
        "@types/estree": "^1.0.7",
        "@types/mocha": "^10.0.10",
        "@types/node": "^22.15.14",
        "chai": "^5.2.0",
        "conditional-type-checks": "^1.0.6",
        "cross-env": "^7.0.3",
        "del": "^8.0.0",
        "filesize": "^10.1.6",
        "glob": "^11.0.2",
        "mocha": "^11.2.2",
        "prettier": "^3.5.3",
        "rollup": "^4.40.2",
        "tslib": "^2.8.1",
        "typescript": "^5.8.3"
      }
    },
    "../../node_modules/.pnpm/react-dom@19.2.8_react@19.2.8/node_modules/react-dom": {
      "version": "19.2.8",
      "license": "MIT",
      "peer": true,
      "dependencies": {
        "scheduler": "^0.27.0"
      },
      "peerDependencies": {
        "react": "^19.2.8"
      }
    },
    "../../node_modules/.pnpm/react-router-dom@7.18.2_rea_248cf0ef508d2f2552e6645095bf60b5/node_modules/react-router-dom": {
      "version": "7.18.2",
      "license": "MIT",
      "dependencies": {
        "react-router": "7.18.2"
      },
      "devDependencies": {
        "react": "^19.2.3",
        "react-dom": "^19.2.3",
        "tsup": "^8.3.0",
        "typescript": "^5.4.5",
        "wireit": "0.14.9"
      },
      "engines": {
        "node": ">=20.0.0"
      },
      "peerDependencies": {
        "react": ">=18",
        "react-dom": ">=18"
      }
    },
    "../../node_modules/.pnpm/react@19.2.8/node_modules/react": {
      "version": "19.2.8",
      "license": "MIT",
      "peer": true,
      "engines": {
        "node": ">=0.10.0"
      }
    },
    "../../node_modules/.pnpm/typescript@5.9.3/node_modules/typescript": {
      "version": "5.9.3",
      "dev": true,
      "license": "Apache-2.0",
      "bin": {
        "tsc": "bin/tsc",
        "tsserver": "bin/tsserver"
      },
      "devDependencies": {
        "@dprint/formatter": "^0.4.1",
        "@dprint/typescript": "0.93.4",
        "@esfx/canceltoken": "^1.0.0",
        "@eslint/js": "^9.20.0",
        "@octokit/rest": "^21.1.1",
        "@types/chai": "^4.3.20",
        "@types/diff": "^7.0.1",
        "@types/minimist": "^1.2.5",
        "@types/mocha": "^10.0.10",
        "@types/ms": "^0.7.34",
        "@types/node": "latest",
        "@types/source-map-support": "^0.5.10",
        "@types/which": "^3.0.4",
        "@typescript-eslint/rule-tester": "^8.24.1",
        "@typescript-eslint/type-utils": "^8.24.1",
        "@typescript-eslint/utils": "^8.24.1",
        "azure-devops-node-api": "^14.1.0",
        "c8": "^10.1.3",
        "chai": "^4.5.0",
        "chokidar": "^4.0.3",
        "diff": "^7.0.0",
        "dprint": "^0.49.0",
        "esbuild": "^0.25.0",
        "eslint": "^9.20.1",
        "eslint-formatter-autolinkable-stylish": "^1.4.0",
        "eslint-plugin-regexp": "^2.7.0",
        "fast-xml-parser": "^4.5.2",
        "glob": "^10.4.5",
        "globals": "^15.15.0",
        "hereby": "^1.10.0",
        "jsonc-parser": "^3.3.1",
        "knip": "^5.44.4",
        "minimist": "^1.2.8",
        "mocha": "^10.8.2",
        "mocha-fivemat-progress-reporter": "^0.1.0",
        "monocart-coverage-reports": "^2.12.1",
        "ms": "^2.1.3",
        "picocolors": "^1.1.1",
        "playwright": "^1.50.1",
        "source-map-support": "^0.5.21",
        "tslib": "^2.8.1",
        "typescript": "^5.7.3",
        "typescript-eslint": "^8.24.1",
        "which": "^3.0.1"
      },
      "engines": {
        "node": ">=14.17"
      }
    },
    "../../node_modules/.pnpm/vite@6.4.3_@types+node@26.2.0/node_modules/vite": {
      "version": "6.4.3",
      "dev": true,
      "license": "MIT",
      "dependencies": {
        "esbuild": "^0.25.0",
        "fdir": "^6.4.4",
        "picomatch": "^4.0.2",
        "postcss": "^8.5.3",
        "rollup": "^4.34.9",
        "tinyglobby": "^0.2.13"
      },
      "bin": {
        "vite": "bin/vite.js"
      },
      "devDependencies": {
        "@ampproject/remapping": "^2.3.0",
        "@babel/parser": "^7.27.0",
        "@jridgewell/trace-mapping": "^0.3.25",
        "@polka/compression": "^1.0.0-next.25",
        "@rollup/plugin-alias": "^5.1.1",
        "@rollup/plugin-commonjs": "^28.0.3",
        "@rollup/plugin-dynamic-import-vars": "2.1.4",
        "@rollup/plugin-json": "^6.1.0",
        "@rollup/plugin-node-resolve": "16.0.1",
        "@rollup/pluginutils": "^5.1.4",
        "@types/escape-html": "^1.0.4",
        "@types/pnpapi": "^0.0.5",
        "artichokie": "^0.3.1",
        "cac": "^6.7.14",
        "chokidar": "^3.6.0",
        "connect": "^3.7.0",
        "convert-source-map": "^2.0.0",
        "cors": "^2.8.5",
        "cross-spawn": "^7.0.6",
        "debug": "^4.4.0",
        "dep-types": "link:./src/types",
        "dotenv": "^16.5.0",
        "dotenv-expand": "^12.0.2",
        "es-module-lexer": "^1.6.0",
        "escape-html": "^1.0.3",
        "estree-walker": "^3.0.3",
        "etag": "^1.8.1",
        "http-proxy": "^1.18.1",
        "launch-editor-middleware": "^2.14.1",
        "lightningcss": "^1.29.3",
        "magic-string": "^0.30.17",
        "mlly": "^1.7.4",
        "mrmime": "^2.0.1",
        "nanoid": "^5.1.5",
        "open": "^10.1.1",
        "parse5": "^7.2.1",
        "pathe": "^2.0.3",
        "periscopic": "^4.0.2",
        "picocolors": "^1.1.1",
        "postcss-import": "^16.1.0",
        "postcss-load-config": "^6.0.1",
        "postcss-modules": "^6.0.1",
        "resolve.exports": "^2.0.3",
        "rollup-plugin-dts": "^6.2.1",
        "rollup-plugin-esbuild": "^6.2.1",
        "rollup-plugin-license": "^3.6.0",
        "sass": "^1.86.3",
        "sass-embedded": "^1.86.3",
        "sirv": "^3.0.2",
        "source-map-support": "^0.5.21",
        "strip-literal": "^3.0.0",
        "terser": "^5.39.0",
        "tsconfck": "^3.1.5",
        "tslib": "^2.8.1",
        "types": "link:./types",
        "ufo": "^1.6.1",
        "ws": "^8.18.1"
      },
      "engines": {
        "node": "^18.0.0 || ^20.0.0 || >=22.0.0"
      },
      "funding": {
        "url": "https://github.com/vitejs/vite?sponsor=1"
      },
      "optionalDependencies": {
        "fsevents": "~2.3.3"
      },
      "peerDependencies": {
        "@types/node": "^18.0.0 || ^20.0.0 || >=22.0.0",
        "jiti": ">=1.21.0",
        "less": "*",
        "lightningcss": "^1.21.0",
        "sass": "*",
        "sass-embedded": "*",
        "stylus": "*",
        "sugarss": "*",
        "terser": "^5.16.0",
        "tsx": "^4.8.1",
        "yaml": "^2.4.2"
      },
      "peerDependenciesMeta": {
        "@types/node": {
          "optional": true
        },
        "jiti": {
          "optional": true
        },
        "less": {
          "optional": true
        },
        "lightningcss": {
          "optional": true
        },
        "sass": {
          "optional": true
        },
        "sass-embedded": {
          "optional": true
        },
        "stylus": {
          "optional": true
        },
        "sugarss": {
          "optional": true
        },
        "terser": {
          "optional": true
        },
        "tsx": {
          "optional": true
        },
        "yaml": {
          "optional": true
        }
      }
    },
    "node_modules/@monaco-editor/react": {
      "resolved": "../../node_modules/.pnpm/@monaco-editor+react@4.7.0__eef15c23d571be66695f0a2b4bfab344/node_modules/@monaco-editor/react",
      "link": true
    },
    "node_modules/@types/react": {
      "resolved": "../../node_modules/.pnpm/@types+react@19.2.18/node_modules/@types/react",
      "link": true
    },
    "node_modules/@types/react-dom": {
      "resolved": "../../node_modules/.pnpm/@types+react-dom@19.2.4_@types+react@19.2.18/node_modules/@types/react-dom",
      "link": true
    },
    "node_modules/@vitejs/plugin-react": {
      "resolved": "../../node_modules/.pnpm/@vitejs+plugin-react@4.7.0_vite@6.4.3_@types+node@26.2.0_/node_modules/@vitejs/plugin-react",
      "link": true
    },
    "node_modules/clsx": {
      "resolved": "../../node_modules/.pnpm/clsx@2.1.1/node_modules/clsx",
      "link": true
    },
    "node_modules/firebase": {
      "resolved": "../../node_modules/.pnpm/firebase@11.10.0/node_modules/firebase",
      "link": true
    },
    "node_modules/idb": {
      "resolved": "../../node_modules/.pnpm/idb@8.0.3/node_modules/idb",
      "link": true
    },
    "node_modules/react": {
      "resolved": "../../node_modules/.pnpm/react@19.2.8/node_modules/react",
      "link": true
    },
    "node_modules/react-dom": {
      "resolved": "../../node_modules/.pnpm/react-dom@19.2.8_react@19.2.8/node_modules/react-dom",
      "link": true
    },
    "node_modules/react-resizable-panels": {
      "version": "4.12.2",
      "resolved": "https://registry.npmjs.org/react-resizable-panels/-/react-resizable-panels-4.12.2.tgz",
      "integrity": "sha512-NwY5LCo4WrxVvDh0xoMML6EMLPONP/8ckKcIdpnojxexoatZdjLiRqLJQjQK5CPkd4SYiB/2M5BVrjZBQtOO7Q==",
      "license": "MIT",
      "peerDependencies": {
        "react": "^18.0.0 || ^19.0.0",
        "react-dom": "^18.0.0 || ^19.0.0"
      }
    },
    "node_modules/react-router-dom": {
      "resolved": "../../node_modules/.pnpm/react-router-dom@7.18.2_rea_248cf0ef508d2f2552e6645095bf60b5/node_modules/react-router-dom",
      "link": true
    },
    "node_modules/typescript": {
      "resolved": "../../node_modules/.pnpm/typescript@5.9.3/node_modules/typescript",
      "link": true
    },
    "node_modules/vite": {
      "resolved": "../../node_modules/.pnpm/vite@6.4.3_@types+node@26.2.0/node_modules/vite",
      "link": true
    }
  }
}
